<?xml version="1.0" encoding="utf-8"?>
<Project ToolsVersion="4.0" xmlns="http://schemas.microsoft.com/developer/msbuild/2003">
  <ItemGroup>
    <Filter Include="libjingle">
      <UniqueIdentifier>{4b738b75-e572-44aa-979b-1ee6c509639e}</UniqueIdentifier>
    </Filter>
    <Filter Include="libxmpphelp">
      <UniqueIdentifier>{44a2e01d-eab0-4961-baa0-cc3de35a51ee}</UniqueIdentifier>
    </Filter>
    <Filter Include="libjingle\base">
      <UniqueIdentifier>{7cc58cc7-ea27-4f46-8659-014b12a74016}</UniqueIdentifier>
    </Filter>
    <Filter Include="libjingle\p2p">
      <UniqueIdentifier>{fee1be12-2b47-470f-9dd4-5f9fc76081cf}</UniqueIdentifier>
    </Filter>
    <Filter Include="libjingle\p2p\base">
      <UniqueIdentifier>{48089d48-e115-4666-90ea-1cb7d2f09fc9}</UniqueIdentifier>
    </Filter>
    <Filter Include="libjingle\p2p\client">
      <UniqueIdentifier>{45714277-1959-425d-80ad-b2235fb12145}</UniqueIdentifier>
    </Filter>
    <Filter Include="libjingle\session">
      <UniqueIdentifier>{f11e1d39-4dea-4526-9918-0ee73cb7eaa5}</UniqueIdentifier>
    </Filter>
    <Filter Include="libjingle\session\tunnel">
      <UniqueIdentifier>{898f4757-79a9-4f57-9f74-ddd80c89a537}</UniqueIdentifier>
    </Filter>
    <Filter Include="libjingle\session\phone">
      <UniqueIdentifier>{77be3a62-0bfb-4ce7-a3a9-90b1879643e0}</UniqueIdentifier>
    </Filter>
    <Filter Include="libjingle\xmllite">
      <UniqueIdentifier>{9150705d-c8f6-4f4e-aee7-f3300e916a0b}</UniqueIdentifier>
    </Filter>
    <Filter Include="libjingle\xmpp">
      <UniqueIdentifier>{9a0eb05a-fad1-4a48-a2e8-49ea5d6e51e1}</UniqueIdentifier>
    </Filter>
    <Filter Include="scons">
      <UniqueIdentifier>{edc6708b-480c-4c19-bfe1-0d46d5493953}</UniqueIdentifier>
    </Filter>
    <Filter Include="examples">
      <UniqueIdentifier>{99a7e31f-bdf8-4144-8b08-c8f7ca7b4292}</UniqueIdentifier>
    </Filter>
    <Filter Include="examples\relayserver">
      <UniqueIdentifier>{e656c33c-eeec-44a0-ad9c-d272d28b1546}</UniqueIdentifier>
    </Filter>
    <Filter Include="examples\stunserver">
      <UniqueIdentifier>{ab15094d-a2ab-420d-b48c-a415a2479e78}</UniqueIdentifier>
    </Filter>
    <Filter Include="examples\login">
      <UniqueIdentifier>{a051ddce-0998-4ac0-addb-30192afaaba7}</UniqueIdentifier>
    </Filter>
    <Filter Include="examples\call">
      <UniqueIdentifier>{01b53723-1ff4-4e97-a09b-9af2fdff26cc}</UniqueIdentifier>
    </Filter>
    <Filter Include="3rd">
      <UniqueIdentifier>{45594f45-4ce0-4de3-8fba-5d412c1fd247}</UniqueIdentifier>
    </Filter>
    <Filter Include="3rd\expat">
      <UniqueIdentifier>{7af1adf4-665a-4d65-b743-2a6bf6429df8}</UniqueIdentifier>
    </Filter>
    <Filter Include="3rd\libsrtp">
      <UniqueIdentifier>{98f5cb39-733e-4c8b-b9be-56c42f460c4a}</UniqueIdentifier>
    </Filter>
    <Filter Include="libjingle\base\header">
      <UniqueIdentifier>{5e26cad9-baf3-4890-87a8-70499a8f2b80}</UniqueIdentifier>
    </Filter>
    <Filter Include="libjingle\p2p\base\header">
      <UniqueIdentifier>{763ab094-ba61-4778-b189-4f631699c686}</UniqueIdentifier>
    </Filter>
    <Filter Include="libjingle\p2p\client\header">
      <UniqueIdentifier>{257bdd51-4361-4eb4-82ee-084bde7c5e78}</UniqueIdentifier>
    </Filter>
    <Filter Include="libjingle\session\phone\header">
      <UniqueIdentifier>{19a401f6-92cc-4650-aa82-22644b99897b}</UniqueIdentifier>
    </Filter>
    <Filter Include="libjingle\session\tunnel\header">
      <UniqueIdentifier>{be80917a-f7c1-4786-9da6-ea776de18604}</UniqueIdentifier>
    </Filter>
    <Filter Include="libjingle\xmllite\header">
      <UniqueIdentifier>{628243ba-32b3-4ea2-8083-da0b907deffa}</UniqueIdentifier>
    </Filter>
    <Filter Include="libjingle\xmpp\header">
      <UniqueIdentifier>{f0b82743-0a9a-4edc-8a75-6a5f2d72fcc4}</UniqueIdentifier>
    </Filter>
    <Filter Include="libxmpphelp\header">
      <UniqueIdentifier>{b5975538-6344-4a4c-9330-5c6f9cad2ab2}</UniqueIdentifier>
    </Filter>
    <Filter Include="examples\call\header">
      <UniqueIdentifier>{c232415e-6090-49d0-a35f-d1822aceafcf}</UniqueIdentifier>
    </Filter>
    <Filter Include="examples\login\header">
      <UniqueIdentifier>{a6161d5d-748f-4600-8d89-3c2b74a76446}</UniqueIdentifier>
    </Filter>
    <Filter Include="3rd\libudev">
      <UniqueIdentifier>{96932ac5-8bd7-4c73-9f9b-3f78b7d5814f}</UniqueIdentifier>
    </Filter>
  </ItemGroup>
  <ItemGroup>
    <ClCompile Include="base\asyncfile.cc">
      <Filter>libjingle\base</Filter>
    </ClCompile>
    <ClCompile Include="base\asynchttprequest.cc">
      <Filter>libjingle\base</Filter>
    </ClCompile>
    <ClCompile Include="base\asyncpacketsocket.cc">
      <Filter>libjingle\base</Filter>
    </ClCompile>
    <ClCompile Include="base\asyncsocket.cc">
      <Filter>libjingle\base</Filter>
    </ClCompile>
    <ClCompile Include="base\asynctcpsocket.cc">
      <Filter>libjingle\base</Filter>
    </ClCompile>
    <ClCompile Include="base\asyncudpsocket.cc">
      <Filter>libjingle\base</Filter>
    </ClCompile>
    <ClCompile Include="base\autodetectproxy.cc">
      <Filter>libjingle\base</Filter>
    </ClCompile>
    <ClCompile Include="base\base64.cc">
      <Filter>libjingle\base</Filter>
    </ClCompile>
    <ClCompile Include="base\bytebuffer.cc">
      <Filter>libjingle\base</Filter>
    </ClCompile>
    <ClCompile Include="base\checks.cc">
      <Filter>libjingle\base</Filter>
    </ClCompile>
    <ClCompile Include="base\common.cc">
      <Filter>libjingle\base</Filter>
    </ClCompile>
    <ClCompile Include="base\diskcache.cc">
      <Filter>libjingle\base</Filter>
    </ClCompile>
    <ClCompile Include="base\event.cc">
      <Filter>libjingle\base</Filter>
    </ClCompile>
    <ClCompile Include="base\fileutils.cc">
      <Filter>libjingle\base</Filter>
    </ClCompile>
    <ClCompile Include="base\firewallsocketserver.cc">
      <Filter>libjingle\base</Filter>
    </ClCompile>
    <ClCompile Include="base\flags.cc">
      <Filter>libjingle\base</Filter>
    </ClCompile>
    <ClCompile Include="base\helpers.cc">
      <Filter>libjingle\base</Filter>
    </ClCompile>
    <ClCompile Include="base\host.cc">
      <Filter>libjingle\base</Filter>
    </ClCompile>
    <ClCompile Include="base\httpbase.cc">
      <Filter>libjingle\base</Filter>
    </ClCompile>
    <ClCompile Include="base\httpclient.cc">
      <Filter>libjingle\base</Filter>
    </ClCompile>
    <ClCompile Include="base\httpcommon.cc">
      <Filter>libjingle\base</Filter>
    </ClCompile>
    <ClCompile Include="base\httprequest.cc">
      <Filter>libjingle\base</Filter>
    </ClCompile>
    <ClCompile Include="base\linux.cc">
      <Filter>libjingle\base</Filter>
    </ClCompile>
    <ClCompile Include="base\logging.cc">
      <Filter>libjingle\base</Filter>
    </ClCompile>
    <ClCompile Include="base\messagehandler.cc">
      <Filter>libjingle\base</Filter>
    </ClCompile>
    <ClCompile Include="base\messagequeue.cc">
      <Filter>libjingle\base</Filter>
    </ClCompile>
    <ClCompile Include="base\nethelpers.cc">
      <Filter>libjingle\base</Filter>
    </ClCompile>
    <ClCompile Include="base\network.cc">
      <Filter>libjingle\base</Filter>
    </ClCompile>
    <ClCompile Include="base\openssladapter.cc">
      <Filter>libjingle\base</Filter>
    </ClCompile>
    <ClCompile Include="base\opensslidentity.cc">
      <Filter>libjingle\base</Filter>
    </ClCompile>
    <ClCompile Include="base\opensslstreamadapter.cc">
      <Filter>libjingle\base</Filter>
    </ClCompile>
    <ClCompile Include="base\pathutils.cc">
      <Filter>libjingle\base</Filter>
    </ClCompile>
    <ClCompile Include="base\physicalsocketserver.cc">
      <Filter>libjingle\base</Filter>
    </ClCompile>
    <ClCompile Include="base\proxydetect.cc">
      <Filter>libjingle\base</Filter>
    </ClCompile>
    <ClCompile Include="base\proxyinfo.cc">
      <Filter>libjingle\base</Filter>
    </ClCompile>
    <ClCompile Include="base\schanneladapter.cc">
      <Filter>libjingle\base</Filter>
    </ClCompile>
    <ClCompile Include="base\signalthread.cc">
      <Filter>libjingle\base</Filter>
    </ClCompile>
    <ClCompile Include="base\socketadapters.cc">
      <Filter>libjingle\base</Filter>
    </ClCompile>
    <ClCompile Include="base\socketaddress.cc">
      <Filter>libjingle\base</Filter>
    </ClCompile>
    <ClCompile Include="base\socketaddresspair.cc">
      <Filter>libjingle\base</Filter>
    </ClCompile>
    <ClCompile Include="base\socketpool.cc">
      <Filter>libjingle\base</Filter>
    </ClCompile>
    <ClCompile Include="base\socketstream.cc">
      <Filter>libjingle\base</Filter>
    </ClCompile>
    <ClCompile Include="base\ssladapter.cc">
      <Filter>libjingle\base</Filter>
    </ClCompile>
    <ClCompile Include="base\sslidentity.cc">
      <Filter>libjingle\base</Filter>
    </ClCompile>
    <ClCompile Include="base\sslsocketfactory.cc">
      <Filter>libjingle\base</Filter>
    </ClCompile>
    <ClCompile Include="base\sslstreamadapter.cc">
      <Filter>libjingle\base</Filter>
    </ClCompile>
    <ClCompile Include="base\stream.cc">
      <Filter>libjingle\base</Filter>
    </ClCompile>
    <ClCompile Include="base\stringdigest.cc">
      <Filter>libjingle\base</Filter>
    </ClCompile>
    <ClCompile Include="base\stringencode.cc">
      <Filter>libjingle\base</Filter>
    </ClCompile>
    <ClCompile Include="base\stringutils.cc">
      <Filter>libjingle\base</Filter>
    </ClCompile>
    <ClCompile Include="base\task.cc">
      <Filter>libjingle\base</Filter>
    </ClCompile>
    <ClCompile Include="base\taskparent.cc">
      <Filter>libjingle\base</Filter>
    </ClCompile>
    <ClCompile Include="base\taskrunner.cc">
      <Filter>libjingle\base</Filter>
    </ClCompile>
    <ClCompile Include="base\thread.cc">
      <Filter>libjingle\base</Filter>
    </ClCompile>
    <ClCompile Include="base\time.cc">
      <Filter>libjingle\base</Filter>
    </ClCompile>
    <ClCompile Include="base\urlencode.cc">
      <Filter>libjingle\base</Filter>
    </ClCompile>
    <ClCompile Include="p2p\base\constants.cc">
      <Filter>libjingle\p2p\base</Filter>
    </ClCompile>
    <ClCompile Include="p2p\base\p2ptransport.cc">
      <Filter>libjingle\p2p\base</Filter>
    </ClCompile>
    <ClCompile Include="p2p\base\p2ptransportchannel.cc">
      <Filter>libjingle\p2p\base</Filter>
    </ClCompile>
    <ClCompile Include="p2p\base\parsing.cc">
      <Filter>libjingle\p2p\base</Filter>
    </ClCompile>
    <ClCompile Include="p2p\base\port.cc">
      <Filter>libjingle\p2p\base</Filter>
    </ClCompile>
    <ClCompile Include="p2p\base\pseudotcp.cc">
      <Filter>libjingle\p2p\base</Filter>
    </ClCompile>
    <ClCompile Include="p2p\base\rawtransport.cc">
      <Filter>libjingle\p2p\base</Filter>
    </ClCompile>
    <ClCompile Include="p2p\base\rawtransportchannel.cc">
      <Filter>libjingle\p2p\base</Filter>
    </ClCompile>
    <ClCompile Include="p2p\base\relayport.cc">
      <Filter>libjingle\p2p\base</Filter>
    </ClCompile>
    <ClCompile Include="p2p\base\relayserver.cc">
      <Filter>libjingle\p2p\base</Filter>
    </ClCompile>
    <ClCompile Include="p2p\base\relayserver_main.cc">
      <Filter>examples\relayserver</Filter>
    </ClCompile>
    <ClCompile Include="p2p\base\session.cc">
      <Filter>libjingle\p2p\base</Filter>
    </ClCompile>
    <ClCompile Include="p2p\base\sessiondescription.cc">
      <Filter>libjingle\p2p\base</Filter>
    </ClCompile>
    <ClCompile Include="p2p\base\sessionmanager.cc">
      <Filter>libjingle\p2p\base</Filter>
    </ClCompile>
    <ClCompile Include="p2p\base\sessionmessages.cc">
      <Filter>libjingle\p2p\base</Filter>
    </ClCompile>
    <ClCompile Include="p2p\base\stun.cc">
      <Filter>libjingle\p2p\base</Filter>
    </ClCompile>
    <ClCompile Include="p2p\base\stunport.cc">
      <Filter>libjingle\p2p\base</Filter>
    </ClCompile>
    <ClCompile Include="p2p\base\stunrequest.cc">
      <Filter>libjingle\p2p\base</Filter>
    </ClCompile>
    <ClCompile Include="p2p\base\stunserver.cc">
      <Filter>libjingle\p2p\base</Filter>
    </ClCompile>
    <ClCompile Include="p2p\base\stunserver_main.cc">
      <Filter>examples\stunserver</Filter>
    </ClCompile>
    <ClCompile Include="p2p\base\tcpport.cc">
      <Filter>libjingle\p2p\base</Filter>
    </ClCompile>
    <ClCompile Include="p2p\base\transport.cc">
      <Filter>libjingle\p2p\base</Filter>
    </ClCompile>
    <ClCompile Include="p2p\base\transportchannel.cc">
      <Filter>libjingle\p2p\base</Filter>
    </ClCompile>
    <ClCompile Include="p2p\base\transportchannelproxy.cc">
      <Filter>libjingle\p2p\base</Filter>
    </ClCompile>
    <ClCompile Include="p2p\base\udpport.cc">
      <Filter>libjingle\p2p\base</Filter>
    </ClCompile>
    <ClCompile Include="p2p\client\basicportallocator.cc">
      <Filter>libjingle\p2p\client</Filter>
    </ClCompile>
    <ClCompile Include="p2p\client\httpportallocator.cc">
      <Filter>libjingle\p2p\client</Filter>
    </ClCompile>
    <ClCompile Include="p2p\client\socketmonitor.cc">
      <Filter>libjingle\p2p\client</Filter>
    </ClCompile>
    <ClCompile Include="session\phone\audiomonitor.cc">
      <Filter>libjingle\session\phone</Filter>
    </ClCompile>
    <ClCompile Include="session\phone\call.cc">
      <Filter>libjingle\session\phone</Filter>
    </ClCompile>
    <ClCompile Include="session\phone\channel.cc">
      <Filter>libjingle\session\phone</Filter>
    </ClCompile>
    <ClCompile Include="session\phone\channelmanager.cc">
      <Filter>libjingle\session\phone</Filter>
    </ClCompile>
    <ClCompile Include="session\phone\codec.cc">
      <Filter>libjingle\session\phone</Filter>
    </ClCompile>
    <ClCompile Include="session\phone\devicemanager.cc">
      <Filter>libjingle\session\phone</Filter>
    </ClCompile>
    <ClCompile Include="session\phone\filemediaengine.cc">
      <Filter>libjingle\session\phone</Filter>
    </ClCompile>
    <ClCompile Include="session\phone\mediaengine.cc">
      <Filter>libjingle\session\phone</Filter>
    </ClCompile>
    <ClCompile Include="session\phone\mediamonitor.cc">
      <Filter>libjingle\session\phone</Filter>
    </ClCompile>
    <ClCompile Include="session\phone\mediasessionclient.cc">
      <Filter>libjingle\session\phone</Filter>
    </ClCompile>
    <ClCompile Include="session\phone\rtpdump.cc">
      <Filter>libjingle\session\phone</Filter>
    </ClCompile>
    <ClCompile Include="session\phone\soundclip.cc">
      <Filter>libjingle\session\phone</Filter>
    </ClCompile>
    <ClCompile Include="session\phone\srtpfilter.cc">
      <Filter>libjingle\session\phone</Filter>
    </ClCompile>
    <ClCompile Include="session\tunnel\pseudotcpchannel.cc">
      <Filter>libjingle\session\tunnel</Filter>
    </ClCompile>
    <ClCompile Include="session\tunnel\securetunnelsessionclient.cc">
      <Filter>libjingle\session\tunnel</Filter>
    </ClCompile>
    <ClCompile Include="session\tunnel\tunnelsessionclient.cc">
      <Filter>libjingle\session\tunnel</Filter>
    </ClCompile>
    <ClCompile Include="xmllite\qname.cc">
      <Filter>libjingle\xmllite</Filter>
    </ClCompile>
    <ClCompile Include="xmllite\xmlbuilder.cc">
      <Filter>libjingle\xmllite</Filter>
    </ClCompile>
    <ClCompile Include="xmllite\xmlconstants.cc">
      <Filter>libjingle\xmllite</Filter>
    </ClCompile>
    <ClCompile Include="xmllite\xmlelement.cc">
      <Filter>libjingle\xmllite</Filter>
    </ClCompile>
    <ClCompile Include="xmllite\xmlnsstack.cc">
      <Filter>libjingle\xmllite</Filter>
    </ClCompile>
    <ClCompile Include="xmllite\xmlparser.cc">
      <Filter>libjingle\xmllite</Filter>
    </ClCompile>
    <ClCompile Include="xmllite\xmlprinter.cc">
      <Filter>libjingle\xmllite</Filter>
    </ClCompile>
    <ClCompile Include="xmpp\constants.cc">
      <Filter>libjingle\xmpp</Filter>
    </ClCompile>
    <ClCompile Include="xmpp\jid.cc">
      <Filter>libjingle\xmpp</Filter>
    </ClCompile>
    <ClCompile Include="xmpp\ratelimitmanager.cc">
      <Filter>libjingle\xmpp</Filter>
    </ClCompile>
    <ClCompile Include="xmpp\saslmechanism.cc">
      <Filter>libjingle\xmpp</Filter>
    </ClCompile>
    <ClCompile Include="xmpp\xmppclient.cc">
      <Filter>libjingle\xmpp</Filter>
    </ClCompile>
    <ClCompile Include="xmpp\xmppengineimpl.cc">
      <Filter>libjingle\xmpp</Filter>
    </ClCompile>
    <ClCompile Include="xmpp\xmppengineimpl_iq.cc">
      <Filter>libjingle\xmpp</Filter>
    </ClCompile>
    <ClCompile Include="xmpp\xmpplogintask.cc">
      <Filter>libjingle\xmpp</Filter>
    </ClCompile>
    <ClCompile Include="xmpp\xmppstanzaparser.cc">
      <Filter>libjingle\xmpp</Filter>
    </ClCompile>
    <ClCompile Include="xmpp\xmpptask.cc">
      <Filter>libjingle\xmpp</Filter>
    </ClCompile>
    <ClCompile Include="base\win32.cc">
      <Filter>libjingle\base</Filter>
    </ClCompile>
    <ClCompile Include="base\win32filesystem.cc">
      <Filter>libjingle\base</Filter>
    </ClCompile>
    <ClCompile Include="base\win32securityerrors.cc">
      <Filter>libjingle\base</Filter>
    </ClCompile>
    <ClCompile Include="base\win32socketinit.cc">
      <Filter>libjingle\base</Filter>
    </ClCompile>
    <ClCompile Include="base\win32socketserver.cc">
      <Filter>libjingle\base</Filter>
    </ClCompile>
    <ClCompile Include="base\win32window.cc">
      <Filter>libjingle\base</Filter>
    </ClCompile>
    <ClCompile Include="base\winfirewall.cc">
      <Filter>libjingle\base</Filter>
    </ClCompile>
    <ClCompile Include="base\winping.cc">
      <Filter>libjingle\base</Filter>
    </ClCompile>
    <ClCompile Include="examples\login\login_main.cc">
      <Filter>examples\login</Filter>
    </ClCompile>
    <ClCompile Include="examples\login\xmppthread.cc">
      <Filter>examples\login</Filter>
    </ClCompile>
    <ClCompile Include="examples\login\xmppauth.cc">
      <Filter>libxmpphelp</Filter>
    </ClCompile>
    <ClCompile Include="examples\login\xmpppump.cc">
      <Filter>libxmpphelp</Filter>
    </ClCompile>
    <ClCompile Include="examples\login\xmppsocket.cc">
      <Filter>libxmpphelp</Filter>
    </ClCompile>
    <ClCompile Include="examples\call\call_main.cc">
      <Filter>examples\call</Filter>
    </ClCompile>
    <ClCompile Include="examples\call\callclient.cc">
      <Filter>examples\call</Filter>
    </ClCompile>
    <ClCompile Include="examples\call\console.cc">
      <Filter>examples\call</Filter>
    </ClCompile>
    <ClCompile Include="examples\call\discoitemsquerytask.cc">
      <Filter>examples\call</Filter>
    </ClCompile>
    <ClCompile Include="examples\call\friendinvitesendtask.cc">
      <Filter>examples\call</Filter>
    </ClCompile>
    <ClCompile Include="examples\call\mucinviterecvtask.cc">
      <Filter>examples\call</Filter>
    </ClCompile>
    <ClCompile Include="examples\call\mucinvitesendtask.cc">
      <Filter>examples\call</Filter>
    </ClCompile>
    <ClCompile Include="examples\call\presenceouttask.cc">
      <Filter>examples\call</Filter>
    </ClCompile>
    <ClCompile Include="examples\call\presencepushtask.cc">
      <Filter>examples\call</Filter>
    </ClCompile>
    <ClCompile Include="examples\call\voicemailjidrequester.cc">
      <Filter>examples\call</Filter>
    </ClCompile>
    <ClCompile Include="base\latebindingsymboltable.cc">
      <Filter>libjingle\base</Filter>
    </ClCompile>
    <ClCompile Include="base\ratetracker.cc">
      <Filter>libjingle\base</Filter>
    </ClCompile>
    <ClCompile Include="session\phone\libudevsymboltable.cc">
      <Filter>libjingle\session\phone</Filter>
    </ClCompile>
    <ClCompile Include="session\phone\rtcpmuxfilter.cc">
      <Filter>libjingle\session\phone</Filter>
    </ClCompile>
  </ItemGroup>
  <ItemGroup>
    <None Include="libjingle.scons">
      <Filter>scons</Filter>
    </None>
    <None Include="main.scons">
      <Filter>scons</Filter>
    </None>
  </ItemGroup>
  <ItemGroup>
    <ClInclude Include="base\asyncfile.h">
      <Filter>libjingle\base\header</Filter>
    </ClInclude>
    <ClInclude Include="base\asynchttprequest.h">
      <Filter>libjingle\base\header</Filter>
    </ClInclude>
    <ClInclude Include="base\asyncpacketsocket.h">
      <Filter>libjingle\base\header</Filter>
    </ClInclude>
    <ClInclude Include="base\asyncsocket.h">
      <Filter>libjingle\base\header</Filter>
    </ClInclude>
    <ClInclude Include="base\asynctcpsocket.h">
      <Filter>libjingle\base\header</Filter>
    </ClInclude>
    <ClInclude Include="base\asyncudpsocket.h">
      <Filter>libjingle\base\header</Filter>
    </ClInclude>
    <ClInclude Include="base\autodetectproxy.h">
      <Filter>libjingle\base\header</Filter>
    </ClInclude>
    <ClInclude Include="base\base64.h">
      <Filter>libjingle\base\header</Filter>
    </ClInclude>
    <ClInclude Include="base\basicdefs.h">
      <Filter>libjingle\base\header</Filter>
    </ClInclude>
    <ClInclude Include="base\basictypes.h">
      <Filter>libjingle\base\header</Filter>
    </ClInclude>
    <ClInclude Include="base\bytebuffer.h">
      <Filter>libjingle\base\header</Filter>
    </ClInclude>
    <ClInclude Include="base\byteorder.h">
      <Filter>libjingle\base\header</Filter>
    </ClInclude>
    <ClInclude Include="base\checks.h">
      <Filter>libjingle\base\header</Filter>
    </ClInclude>
    <ClInclude Include="base\common.h">
      <Filter>libjingle\base\header</Filter>
    </ClInclude>
    <ClInclude Include="base\constructormagic.h">
      <Filter>libjingle\base\header</Filter>
    </ClInclude>
    <ClInclude Include="base\criticalsection.h">
      <Filter>libjingle\base\header</Filter>
    </ClInclude>
    <ClInclude Include="base\cryptstring.h">
      <Filter>libjingle\base\header</Filter>
    </ClInclude>
    <ClInclude Include="base\diskcache.h">
      <Filter>libjingle\base\header</Filter>
    </ClInclude>
    <ClInclude Include="base\Equifax_Secure_Global_eBusiness_CA-1.h">
      <Filter>libjingle\base\header</Filter>
    </ClInclude>
    <ClInclude Include="base\event.h">
      <Filter>libjingle\base\header</Filter>
    </ClInclude>
    <ClInclude Include="base\fileutils.h">
      <Filter>libjingle\base\header</Filter>
    </ClInclude>
    <ClInclude Include="base\firewallsocketserver.h">
      <Filter>libjingle\base\header</Filter>
    </ClInclude>
    <ClInclude Include="base\flags.h">
      <Filter>libjingle\base\header</Filter>
    </ClInclude>
    <ClInclude Include="base\helpers.h">
      <Filter>libjingle\base\header</Filter>
    </ClInclude>
    <ClInclude Include="base\host.h">
      <Filter>libjingle\base\header</Filter>
    </ClInclude>
    <ClInclude Include="base\httpbase.h">
      <Filter>libjingle\base\header</Filter>
    </ClInclude>
    <ClInclude Include="base\httpclient.h">
      <Filter>libjingle\base\header</Filter>
    </ClInclude>
    <ClInclude Include="base\httpcommon.h">
      <Filter>libjingle\base\header</Filter>
    </ClInclude>
    <ClInclude Include="base\httpcommon-inl.h">
      <Filter>libjingle\base\header</Filter>
    </ClInclude>
    <ClInclude Include="base\httprequest.h">
      <Filter>libjingle\base\header</Filter>
    </ClInclude>
    <ClInclude Include="base\linked_ptr.h">
      <Filter>libjingle\base\header</Filter>
    </ClInclude>
    <ClInclude Include="base\linux.h">
      <Filter>libjingle\base\header</Filter>
    </ClInclude>
    <ClInclude Include="base\logging.h">
      <Filter>libjingle\base\header</Filter>
    </ClInclude>
    <ClInclude Include="base\macutils.h">
      <Filter>libjingle\base\header</Filter>
    </ClInclude>
    <ClInclude Include="base\md5.h">
      <Filter>libjingle\base\header</Filter>
    </ClInclude>
    <ClInclude Include="base\messagehandler.h">
      <Filter>libjingle\base\header</Filter>
    </ClInclude>
    <ClInclude Include="base\messagequeue.h">
      <Filter>libjingle\base\header</Filter>
    </ClInclude>
    <ClInclude Include="base\nethelpers.h">
      <Filter>libjingle\base\header</Filter>
    </ClInclude>
    <ClInclude Include="base\network.h">
      <Filter>libjingle\base\header</Filter>
    </ClInclude>
    <ClInclude Include="base\openssladapter.h">
      <Filter>libjingle\base\header</Filter>
    </ClInclude>
    <ClInclude Include="base\opensslidentity.h">
      <Filter>libjingle\base\header</Filter>
    </ClInclude>
    <ClInclude Include="base\opensslstreamadapter.h">
      <Filter>libjingle\base\header</Filter>
    </ClInclude>
    <ClInclude Include="base\pathutils.h">
      <Filter>libjingle\base\header</Filter>
    </ClInclude>
    <ClInclude Include="base\physicalsocketserver.h">
      <Filter>libjingle\base\header</Filter>
    </ClInclude>
    <ClInclude Include="base\proxydetect.h">
      <Filter>libjingle\base\header</Filter>
    </ClInclude>
    <ClInclude Include="base\proxyinfo.h">
      <Filter>libjingle\base\header</Filter>
    </ClInclude>
    <ClInclude Include="base\schanneladapter.h">
      <Filter>libjingle\base\header</Filter>
    </ClInclude>
    <ClInclude Include="base\scoped_ptr.h">
      <Filter>libjingle\base\header</Filter>
    </ClInclude>
    <ClInclude Include="base\sec_buffer.h">
      <Filter>libjingle\base\header</Filter>
    </ClInclude>
    <ClInclude Include="base\signalthread.h">
      <Filter>libjingle\base\header</Filter>
    </ClInclude>
    <ClInclude Include="base\sigslot.h">
      <Filter>libjingle\base\header</Filter>
    </ClInclude>
    <ClInclude Include="base\sigslotrepeater.h">
      <Filter>libjingle\base\header</Filter>
    </ClInclude>
    <ClInclude Include="base\socket.h">
      <Filter>libjingle\base\header</Filter>
    </ClInclude>
    <ClInclude Include="base\socketadapters.h">
      <Filter>libjingle\base\header</Filter>
    </ClInclude>
    <ClInclude Include="base\socketaddress.h">
      <Filter>libjingle\base\header</Filter>
    </ClInclude>
    <ClInclude Include="base\socketaddresspair.h">
      <Filter>libjingle\base\header</Filter>
    </ClInclude>
    <ClInclude Include="base\socketfactory.h">
      <Filter>libjingle\base\header</Filter>
    </ClInclude>
    <ClInclude Include="base\socketpool.h">
      <Filter>libjingle\base\header</Filter>
    </ClInclude>
    <ClInclude Include="base\socketserver.h">
      <Filter>libjingle\base\header</Filter>
    </ClInclude>
    <ClInclude Include="base\socketstream.h">
      <Filter>libjingle\base\header</Filter>
    </ClInclude>
    <ClInclude Include="base\ssladapter.h">
      <Filter>libjingle\base\header</Filter>
    </ClInclude>
    <ClInclude Include="base\sslidentity.h">
      <Filter>libjingle\base\header</Filter>
    </ClInclude>
    <ClInclude Include="base\sslsocketfactory.h">
      <Filter>libjingle\base\header</Filter>
    </ClInclude>
    <ClInclude Include="base\sslstreamadapter.h">
      <Filter>libjingle\base\header</Filter>
    </ClInclude>
    <ClInclude Include="base\stream.h">
      <Filter>libjingle\base\header</Filter>
    </ClInclude>
    <ClInclude Include="base\stringdigest.h">
      <Filter>libjingle\base\header</Filter>
    </ClInclude>
    <ClInclude Include="base\stringencode.h">
      <Filter>libjingle\base\header</Filter>
    </ClInclude>
    <ClInclude Include="base\stringutils.h">
      <Filter>libjingle\base\header</Filter>
    </ClInclude>
    <ClInclude Include="base\task.h">
      <Filter>libjingle\base\header</Filter>
    </ClInclude>
    <ClInclude Include="base\taskparent.h">
      <Filter>libjingle\base\header</Filter>
    </ClInclude>
    <ClInclude Include="base\taskrunner.h">
      <Filter>libjingle\base\header</Filter>
    </ClInclude>
    <ClInclude Include="base\thread.h">
      <Filter>libjingle\base\header</Filter>
    </ClInclude>
    <ClInclude Include="base\time.h">
      <Filter>libjingle\base\header</Filter>
    </ClInclude>
    <ClInclude Include="base\urlencode.h">
      <Filter>libjingle\base\header</Filter>
    </ClInclude>
    <ClInclude Include="base\win32.h">
      <Filter>libjingle\base\header</Filter>
    </ClInclude>
    <ClInclude Include="base\win32filesystem.h">
      <Filter>libjingle\base\header</Filter>
    </ClInclude>
    <ClInclude Include="base\win32socketinit.h">
      <Filter>libjingle\base\header</Filter>
    </ClInclude>
    <ClInclude Include="base\win32socketserver.h">
      <Filter>libjingle\base\header</Filter>
    </ClInclude>
    <ClInclude Include="base\win32window.h">
      <Filter>libjingle\base\header</Filter>
    </ClInclude>
    <ClInclude Include="base\winfirewall.h">
      <Filter>libjingle\base\header</Filter>
    </ClInclude>
    <ClInclude Include="base\winping.h">
      <Filter>libjingle\base\header</Filter>
    </ClInclude>
    <ClInclude Include="p2p\base\udpport.h">
      <Filter>libjingle\p2p\base\header</Filter>
    </ClInclude>
    <ClInclude Include="p2p\base\transportchannelproxy.h">
      <Filter>libjingle\p2p\base\header</Filter>
    </ClInclude>
    <ClInclude Include="p2p\base\transportchannelimpl.h">
      <Filter>libjingle\p2p\base\header</Filter>
    </ClInclude>
    <ClInclude Include="p2p\base\transportchannel.h">
      <Filter>libjingle\p2p\base\header</Filter>
    </ClInclude>
    <ClInclude Include="p2p\base\transport.h">
      <Filter>libjingle\p2p\base\header</Filter>
    </ClInclude>
    <ClInclude Include="p2p\base\tcpport.h">
      <Filter>libjingle\p2p\base\header</Filter>
    </ClInclude>
    <ClInclude Include="p2p\base\stunserver.h">
      <Filter>libjingle\p2p\base\header</Filter>
    </ClInclude>
    <ClInclude Include="p2p\base\stunrequest.h">
      <Filter>libjingle\p2p\base\header</Filter>
    </ClInclude>
    <ClInclude Include="p2p\base\stunport.h">
      <Filter>libjingle\p2p\base\header</Filter>
    </ClInclude>
    <ClInclude Include="p2p\base\stun.h">
      <Filter>libjingle\p2p\base\header</Filter>
    </ClInclude>
    <ClInclude Include="p2p\base\sessionmessages.h">
      <Filter>libjingle\p2p\base\header</Filter>
    </ClInclude>
    <ClInclude Include="p2p\base\sessionmanager.h">
      <Filter>libjingle\p2p\base\header</Filter>
    </ClInclude>
    <ClInclude Include="p2p\base\sessionid.h">
      <Filter>libjingle\p2p\base\header</Filter>
    </ClInclude>
    <ClInclude Include="p2p\base\sessiondescription.h">
      <Filter>libjingle\p2p\base\header</Filter>
    </ClInclude>
    <ClInclude Include="p2p\base\sessionclient.h">
      <Filter>libjingle\p2p\base\header</Filter>
    </ClInclude>
    <ClInclude Include="p2p\base\session.h">
      <Filter>libjingle\p2p\base\header</Filter>
    </ClInclude>
    <ClInclude Include="p2p\base\relayserver.h">
      <Filter>libjingle\p2p\base\header</Filter>
    </ClInclude>
    <ClInclude Include="p2p\base\relayport.h">
      <Filter>libjingle\p2p\base\header</Filter>
    </ClInclude>
    <ClInclude Include="p2p\base\rawtransportchannel.h">
      <Filter>libjingle\p2p\base\header</Filter>
    </ClInclude>
    <ClInclude Include="p2p\base\rawtransport.h">
      <Filter>libjingle\p2p\base\header</Filter>
    </ClInclude>
    <ClInclude Include="p2p\base\pseudotcp.h">
      <Filter>libjingle\p2p\base\header</Filter>
    </ClInclude>
    <ClInclude Include="p2p\base\portallocator.h">
      <Filter>libjingle\p2p\base\header</Filter>
    </ClInclude>
    <ClInclude Include="p2p\base\port.h">
      <Filter>libjingle\p2p\base\header</Filter>
    </ClInclude>
    <ClInclude Include="p2p\base\parsing.h">
      <Filter>libjingle\p2p\base\header</Filter>
    </ClInclude>
    <ClInclude Include="p2p\base\p2ptransportchannel.h">
      <Filter>libjingle\p2p\base\header</Filter>
    </ClInclude>
    <ClInclude Include="p2p\base\p2ptransport.h">
      <Filter>libjingle\p2p\base\header</Filter>
    </ClInclude>
    <ClInclude Include="p2p\base\constants.h">
      <Filter>libjingle\p2p\base\header</Filter>
    </ClInclude>
    <ClInclude Include="p2p\base\common.h">
      <Filter>libjingle\p2p\base\header</Filter>
    </ClInclude>
    <ClInclude Include="p2p\base\candidate.h">
      <Filter>libjingle\p2p\base\header</Filter>
    </ClInclude>
    <ClInclude Include="p2p\client\basicportallocator.h">
      <Filter>libjingle\p2p\client\header</Filter>
    </ClInclude>
    <ClInclude Include="p2p\client\httpportallocator.h">
      <Filter>libjingle\p2p\client\header</Filter>
    </ClInclude>
    <ClInclude Include="p2p\client\sessionmanagertask.h">
      <Filter>libjingle\p2p\client\header</Filter>
    </ClInclude>
    <ClInclude Include="p2p\client\sessionsendtask.h">
      <Filter>libjingle\p2p\client\header</Filter>
    </ClInclude>
    <ClInclude Include="p2p\client\socketmonitor.h">
      <Filter>libjingle\p2p\client\header</Filter>
    </ClInclude>
    <ClInclude Include="session\phone\audiomonitor.h">
      <Filter>libjingle\session\phone\header</Filter>
    </ClInclude>
    <ClInclude Include="session\phone\call.h">
      <Filter>libjingle\session\phone\header</Filter>
    </ClInclude>
    <ClInclude Include="session\phone\channel.h">
      <Filter>libjingle\session\phone\header</Filter>
    </ClInclude>
    <ClInclude Include="session\phone\channelmanager.h">
      <Filter>libjingle\session\phone\header</Filter>
    </ClInclude>
    <ClInclude Include="session\phone\codec.h">
      <Filter>libjingle\session\phone\header</Filter>
    </ClInclude>
    <ClInclude Include="session\phone\cryptoparams.h">
      <Filter>libjingle\session\phone\header</Filter>
    </ClInclude>
    <ClInclude Include="session\phone\devicemanager.h">
      <Filter>libjingle\session\phone\header</Filter>
    </ClInclude>
    <ClInclude Include="session\phone\filemediaengine.h">
      <Filter>libjingle\session\phone\header</Filter>
    </ClInclude>
    <ClInclude Include="session\phone\mediachannel.h">
      <Filter>libjingle\session\phone\header</Filter>
    </ClInclude>
    <ClInclude Include="session\phone\mediaengine.h">
      <Filter>libjingle\session\phone\header</Filter>
    </ClInclude>
    <ClInclude Include="session\phone\mediamonitor.h">
      <Filter>libjingle\session\phone\header</Filter>
    </ClInclude>
    <ClInclude Include="session\phone\mediasessionclient.h">
      <Filter>libjingle\session\phone\header</Filter>
    </ClInclude>
    <ClInclude Include="session\phone\mediasink.h">
      <Filter>libjingle\session\phone\header</Filter>
    </ClInclude>
    <ClInclude Include="session\phone\rtpdump.h">
      <Filter>libjingle\session\phone\header</Filter>
    </ClInclude>
    <ClInclude Include="session\phone\soundclip.h">
      <Filter>libjingle\session\phone\header</Filter>
    </ClInclude>
    <ClInclude Include="session\phone\srtpfilter.h">
      <Filter>libjingle\session\phone\header</Filter>
    </ClInclude>
    <ClInclude Include="session\phone\v4llookup.h">
      <Filter>libjingle\session\phone\header</Filter>
    </ClInclude>
    <ClInclude Include="session\phone\videocommon.h">
      <Filter>libjingle\session\phone\header</Filter>
    </ClInclude>
    <ClInclude Include="session\phone\voicechannel.h">
      <Filter>libjingle\session\phone\header</Filter>
    </ClInclude>
    <ClInclude Include="session\tunnel\pseudotcpchannel.h">
      <Filter>libjingle\session\tunnel\header</Filter>
    </ClInclude>
    <ClInclude Include="session\tunnel\securetunnelsessionclient.h">
      <Filter>libjingle\session\tunnel\header</Filter>
    </ClInclude>
    <ClInclude Include="session\tunnel\tunnelsessionclient.h">
      <Filter>libjingle\session\tunnel\header</Filter>
    </ClInclude>
    <ClInclude Include="xmllite\qname.h">
      <Filter>libjingle\xmllite\header</Filter>
    </ClInclude>
    <ClInclude Include="xmllite\xmlbuilder.h">
      <Filter>libjingle\xmllite\header</Filter>
    </ClInclude>
    <ClInclude Include="xmllite\xmlconstants.h">
      <Filter>libjingle\xmllite\header</Filter>
    </ClInclude>
    <ClInclude Include="xmllite\xmlelement.h">
      <Filter>libjingle\xmllite\header</Filter>
    </ClInclude>
    <ClInclude Include="xmllite\xmlnsstack.h">
      <Filter>libjingle\xmllite\header</Filter>
    </ClInclude>
    <ClInclude Include="xmllite\xmlparser.h">
      <Filter>libjingle\xmllite\header</Filter>
    </ClInclude>
    <ClInclude Include="xmllite\xmlprinter.h">
      <Filter>libjingle\xmllite\header</Filter>
    </ClInclude>
    <ClInclude Include="xmpp\asyncsocket.h">
      <Filter>libjingle\xmpp\header</Filter>
    </ClInclude>
    <ClInclude Include="xmpp\constants.h">
      <Filter>libjingle\xmpp\header</Filter>
    </ClInclude>
    <ClInclude Include="xmpp\jid.h">
      <Filter>libjingle\xmpp\header</Filter>
    </ClInclude>
    <ClInclude Include="xmpp\plainsaslhandler.h">
      <Filter>libjingle\xmpp\header</Filter>
    </ClInclude>
    <ClInclude Include="xmpp\prexmppauth.h">
      <Filter>libjingle\xmpp\header</Filter>
    </ClInclude>
    <ClInclude Include="xmpp\ratelimitmanager.h">
      <Filter>libjingle\xmpp\header</Filter>
    </ClInclude>
    <ClInclude Include="xmpp\saslcookiemechanism.h">
      <Filter>libjingle\xmpp\header</Filter>
    </ClInclude>
    <ClInclude Include="xmpp\saslhandler.h">
      <Filter>libjingle\xmpp\header</Filter>
    </ClInclude>
    <ClInclude Include="xmpp\saslmechanism.h">
      <Filter>libjingle\xmpp\header</Filter>
    </ClInclude>
    <ClInclude Include="xmpp\saslplainmechanism.h">
      <Filter>libjingle\xmpp\header</Filter>
    </ClInclude>
    <ClInclude Include="xmpp\xmppclient.h">
      <Filter>libjingle\xmpp\header</Filter>
    </ClInclude>
    <ClInclude Include="xmpp\xmppclientsettings.h">
      <Filter>libjingle\xmpp\header</Filter>
    </ClInclude>
    <ClInclude Include="xmpp\xmppengine.h">
      <Filter>libjingle\xmpp\header</Filter>
    </ClInclude>
    <ClInclude Include="xmpp\xmppengineimpl.h">
      <Filter>libjingle\xmpp\header</Filter>
    </ClInclude>
    <ClInclude Include="xmpp\xmpplogintask.h">
      <Filter>libjingle\xmpp\header</Filter>
    </ClInclude>
    <ClInclude Include="xmpp\xmppstanzaparser.h">
      <Filter>libjingle\xmpp\header</Filter>
    </ClInclude>
    <ClInclude Include="xmpp\xmpptask.h">
      <Filter>libjingle\xmpp\header</Filter>
    </ClInclude>
    <ClInclude Include="examples\login\xmppauth.h">
      <Filter>libxmpphelp\header</Filter>
    </ClInclude>
    <ClInclude Include="examples\login\xmpppump.h">
      <Filter>libxmpphelp\header</Filter>
    </ClInclude>
    <ClInclude Include="examples\login\xmppsocket.h">
      <Filter>libxmpphelp\header</Filter>
    </ClInclude>
    <ClInclude Include="examples\call\callclient.h">
      <Filter>examples\call\header</Filter>
    </ClInclude>
    <ClInclude Include="examples\call\console.h">
      <Filter>examples\call\header</Filter>
    </ClInclude>
    <ClInclude Include="examples\call\discoitemsquerytask.h">
      <Filter>examples\call\header</Filter>
    </ClInclude>
    <ClInclude Include="examples\call\friendinvitesendtask.h">
      <Filter>examples\call\header</Filter>
    </ClInclude>
    <ClInclude Include="examples\call\muc.h">
      <Filter>examples\call\header</Filter>
    </ClInclude>
    <ClInclude Include="examples\call\mucinviterecvtask.h">
      <Filter>examples\call\header</Filter>
    </ClInclude>
    <ClInclude Include="examples\call\mucinvitesendtask.h">
      <Filter>examples\call\header</Filter>
    </ClInclude>
    <ClInclude Include="examples\call\presenceouttask.h">
      <Filter>examples\call\header</Filter>
    </ClInclude>
    <ClInclude Include="examples\call\presencepushtask.h">
      <Filter>examples\call\header</Filter>
    </ClInclude>
    <ClInclude Include="examples\call\status.h">
      <Filter>examples\call\header</Filter>
    </ClInclude>
    <ClInclude Include="examples\call\voicemailjidrequester.h">
      <Filter>examples\call\header</Filter>
    </ClInclude>
    <ClInclude Include="examples\login\xmppthread.h">
      <Filter>examples\login\header</Filter>
    </ClInclude>
    <ClInclude Include="base\buffer.h">
      <Filter>libjingle\base\header</Filter>
    </ClInclude>
    <ClInclude Include="base\latebindingsymboltable.h">
      <Filter>libjingle\base</Filter>
    </ClInclude>
    <ClInclude Include="base\ratetracker.h">
      <Filter>libjingle\base</Filter>
    </ClInclude>
    <ClInclude Include="session\phone\libudevsymboltable.h">
      <Filter>libjingle\session\phone\header</Filter>
    </ClInclude>
    <ClInclude Include="session\phone\rtcpmuxfilter.h">
      <Filter>libjingle\session\phone\header</Filter>
    </ClInclude>
  </ItemGroup>
</Project>